// !$*UTF8*$!
{
	archiveVersion = 1;
	classes = {
	};
	objectVersion = 56;
	objects = {

/* Begin PBXBuildFile section */
		D912E9F82AB47CB6004A658C /* ListRowView.swift in Sources */ = {isa = PBXBuildFile; fileRef = D912E9F72AB47CB6004A658C /* ListRowView.swift */; };
		D9AA1F7C2AB606E20030B95E /* ItemModel.swift in Sources */ = {isa = PBXBuildFile; fileRef = D9AA1F7B2AB606E20030B95E /* ItemModel.swift */; };
		D9B769D82AB4B0DA00A34432 /* AddView.swift in Sources */ = {isa = PBXBuildFile; fileRef = D9B769D72AB4B0DA00A34432 /* AddView.swift */; };
		D9CA8FEF2AB6406D00FF047E /* ListViewModel.swift in Sources */ = {isa = PBXBuildFile; fileRef = D9CA8FEE2AB6406D00FF047E /* ListViewModel.swift */; };
		D9E6E8982AB3CE2300781C66 /* TodoListMVVMApp.swift in Sources */ = {isa = PBXBuildFile; fileRef = D9E6E8972AB3CE2300781C66 /* TodoListMVVMApp.swift */; };
		D9E6E89C2AB3CE2400781C66 /* Assets.xcassets in Resources */ = {isa = PBXBuildFile; fileRef = D9E6E89B2AB3CE2400781C66 /* Assets.xcassets */; };
		D9E6E89F2AB3CE2400781C66 /* Preview Assets.xcassets in Resources */ = {isa = PBXBuildFile; fileRef = D9E6E89E2AB3CE2400781C66 /* Preview Assets.xcassets */; };
		D9E6E8A82AB3D00D00781C66 /* ListView.swift in Sources */ = {isa = PBXBuildFile; fileRef = D9E6E8A72AB3D00D00781C66 /* ListView.swift */; };
		D9F2A6DA2AB6789F00200DB8 /* NoItemsView.swift in Sources */ = {isa = PBXBuildFile; fileRef = D9F2A6D92AB6789E00200DB8 /* NoItemsView.swift */; };
		D9F2A6DC2AB695E500200DB8 /* LaunchScreen.storyboard in Resources */ = {isa = PBXBuildFile; fileRef = D9F2A6DB2AB695E500200DB8 /* LaunchScreen.storyboard */; };
/* End PBXBuildFile section */

/* Begin PBXFileReference section */
		D912E9F72AB47CB6004A658C /* ListRowView.swift */ = {isa = PBXFileReference; lastKnownFileType = sourcecode.swift; path = ListRowView.swift; sourceTree = "<group>"; };
		D9AA1F7B2AB606E20030B95E /* ItemModel.swift */ = {isa = PBXFileReference; lastKnownFileType = sourcecode.swift; path = ItemModel.swift; sourceTree = "<group>"; };
		D9B769D72AB4B0DA00A34432 /* AddView.swift */ = {isa = PBXFileReference; lastKnownFileType = sourcecode.swift; path = AddView.swift; sourceTree = "<group>"; };
		D9CA8FEE2AB6406D00FF047E /* ListViewModel.swift */ = {isa = PBXFileReference; lastKnownFileType = sourcecode.swift; path = ListViewModel.swift; sourceTree = "<group>"; };
		D9E6E8942AB3CE2300781C66 /* TodoListMVVM.app */ = {isa = PBXFileReference; explicitFileType = wrapper.application; includeInIndex = 0; path = TodoListMVVM.app; sourceTree = BUILT_PRODUCTS_DIR; };
		D9E6E8972AB3CE2300781C66 /* TodoListMVVMApp.swift */ = {isa = PBXFileReference; lastKnownFileType = sourcecode.swift; path = TodoListMVVMApp.swift; sourceTree = "<group>"; };
		D9E6E89B2AB3CE2400781C66 /* Assets.xcassets */ = {isa = PBXFileReference; lastKnownFileType = folder.assetcatalog; path = Assets.xcassets; sourceTree = "<group>"; };
		D9E6E89E2AB3CE2400781C66 /* Preview Assets.xcassets */ = {isa = PBXFileReference; lastKnownFileType = folder.assetcatalog; path = "Preview Assets.xcassets"; sourceTree = "<group>"; };
		D9E6E8A72AB3D00D00781C66 /* ListView.swift */ = {isa = PBXFileReference; lastKnownFileType = sourcecode.swift; path = ListView.swift; sourceTree = "<group>"; };
		D9F2A6D92AB6789E00200DB8 /* NoItemsView.swift */ = {isa = PBXFileReference; lastKnownFileType = sourcecode.swift; path = NoItemsView.swift; sourceTree = "<group>"; };
		D9F2A6DB2AB695E500200DB8 /* LaunchScreen.storyboard */ = {isa = PBXFileReference; lastKnownFileType = file.storyboard; path = LaunchScreen.storyboard; sourceTree = "<group>"; };
/* End PBXFileReference section */

/* Begin PBXFrameworksBuildPhase section */
		D9E6E8912AB3CE2300781C66 /* Frameworks */ = {
			isa = PBXFrameworksBuildPhase;
			buildActionMask = 2147483647;
			files = (
			);
			runOnlyForDeploymentPostprocessing = 0;
		};
/* End PBXFrameworksBuildPhase section */

/* Begin PBXGroup section */
		D9AA1F7A2AB606D50030B95E /* Models */ = {
			isa = PBXGroup;
			children = (
				D9AA1F7B2AB606E20030B95E /* ItemModel.swift */,
			);
			path = Models;
			sourceTree = "<group>";
		};
		D9CA8FED2AB6402D00FF047E /* ViewModels */ = {
			isa = PBXGroup;
			children = (
				D9CA8FEE2AB6406D00FF047E /* ListViewModel.swift */,
			);
			path = ViewModels;
			sourceTree = "<group>";
		};
		D9E6E88B2AB3CE2300781C66 = {
			isa = PBXGroup;
			children = (
				D9E6E8962AB3CE2300781C66 /* TodoListMVVM */,
				D9E6E8952AB3CE2300781C66 /* Products */,
			);
			sourceTree = "<group>";
		};
		D9E6E8952AB3CE2300781C66 /* Products */ = {
			isa = PBXGroup;
			children = (
				D9E6E8942AB3CE2300781C66 /* TodoListMVVM.app */,
			);
			name = Products;
			sourceTree = "<group>";
		};
		D9E6E8962AB3CE2300781C66 /* TodoListMVVM */ = {
			isa = PBXGroup;
			children = (
				D9E6E8972AB3CE2300781C66 /* TodoListMVVMApp.swift */,
				D9AA1F7A2AB606D50030B95E /* Models */,
				D9CA8FED2AB6402D00FF047E /* ViewModels */,
				D9E6E8A62AB3CFC300781C66 /* Views */,
				D9E6E89B2AB3CE2400781C66 /* Assets.xcassets */,
				D9E6E89D2AB3CE2400781C66 /* Preview Content */,
			);
			path = TodoListMVVM;
			sourceTree = "<group>";
		};
		D9E6E89D2AB3CE2400781C66 /* Preview Content */ = {
			isa = PBXGroup;
			children = (
				D9E6E89E2AB3CE2400781C66 /* Preview Assets.xcassets */,
			);
			path = "Preview Content";
			sourceTree = "<group>";
		};
		D9E6E8A62AB3CFC300781C66 /* Views */ = {
			isa = PBXGroup;
			children = (
				D9E6E8A72AB3D00D00781C66 /* ListView.swift */,
				D912E9F72AB47CB6004A658C /* ListRowView.swift */,
				D9B769D72AB4B0DA00A34432 /* AddView.swift */,
				D9F2A6D92AB6789E00200DB8 /* NoItemsView.swift */,
				D9F2A6DB2AB695E500200DB8 /* LaunchScreen.storyboard */,
			);
			path = Views;
			sourceTree = "<group>";
		};
/* End PBXGroup section */

/* Begin PBXNativeTarget section */
		D9E6E8932AB3CE2300781C66 /* TodoListMVVM */ = {
			isa = PBXNativeTarget;
			buildConfigurationList = D9E6E8A22AB3CE2400781C66 /* Build configuration list for PBXNativeTarget "TodoListMVVM" */;
			buildPhases = (
				D9E6E8902AB3CE2300781C66 /* Sources */,
				D9E6E8912AB3CE2300781C66 /* Frameworks */,
				D9E6E8922AB3CE2300781C66 /* Resources */,
			);
			buildRules = (
			);
			dependencies = (
			);
			name = TodoListMVVM;
			productName = TodoListMVVM;
			productReference = D9E6E8942AB3CE2300781C66 /* TodoListMVVM.app */;
			productType = "com.apple.product-type.application";
		};
/* End PBXNativeTarget section */

/* Begin PBXProject section */
		D9E6E88C2AB3CE2300781C66 /* Project object */ = {
			isa = PBXProject;
			attributes = {
				BuildIndependentTargetsInParallel = 1;
				LastSwiftUpdateCheck = 1430;
				LastUpgradeCheck = 1430;
				TargetAttributes = {
					D9E6E8932AB3CE2300781C66 = {
						CreatedOnToolsVersion = 14.3.1;
					};
				};
			};
			buildConfigurationList = D9E6E88F2AB3CE2300781C66 /* Build configuration list for PBXProject "TodoListMVVM" */;
			compatibilityVersion = "Xcode 14.0";
			developmentRegion = en;
			hasScannedForEncodings = 0;
			knownRegions = (
				en,
				Base,
			);
			mainGroup = D9E6E88B2AB3CE2300781C66;
			productRefGroup = D9E6E8952AB3CE2300781C66 /* Products */;
			projectDirPath = "";
			projectRoot = "";
			targets = (
				D9E6E8932AB3CE2300781C66 /* TodoListMVVM */,
			);
		};
/* End PBXProject section */

/* Begin PBXResourcesBuildPhase section */
		D9E6E8922AB3CE2300781C66 /* Resources */ = {
			isa = PBXResourcesBuildPhase;
			buildActionMask = 2147483647;
			files = (
				D9F2A6DC2AB695E500200DB8 /* LaunchScreen.storyboard in Resources */,
				D9E6E89F2AB3CE2400781C66 /* Preview Assets.xcassets in Resources */,
				D9E6E89C2AB3CE2400781C66 /* Assets.xcassets in Resources */,
			);
			runOnlyForDeploymentPostprocessing = 0;
		};
/* End PBXResourcesBuildPhase section */

/* Begin PBXSourcesBuildPhase section */
		D9E6E8902AB3CE2300781C66 /* Sources */ = {
			isa = PBXSourcesBuildPhase;
			buildActionMask = 2147483647;
			files = (
				D9AA1F7C2AB606E20030B95E /* ItemModel.swift in Sources */,
				D9B769D82AB4B0DA00A34432 /* AddView.swift in Sources */,
				D9CA8FEF2AB6406D00FF047E /* ListViewModel.swift in Sources */,
				D9E6E8982AB3CE2300781C66 /* TodoListMVVMApp.swift in Sources */,
				D9E6E8A82AB3D00D00781C66 /* ListView.swift in Sources */,
				D9F2A6DA2AB6789F00200DB8 /* NoItemsView.swift in Sources */,
				D912E9F82AB47CB6004A658C /* ListRowView.swift in Sources */,
			);
			runOnlyForDeploymentPostprocessing = 0;
		};
/* End PBXSourcesBuildPhase section */

/* Begin XCBuildConfiguration section */
		D9E6E8A02AB3CE2400781C66 /* Debug */ = {
			isa = XCBuildConfiguration;
			buildSettings = {
				ALWAYS_SEARCH_USER_PATHS = NO;
				CLANG_ANALYZER_NONNULL = YES;
				CLANG_ANALYZER_NUMBER_OBJECT_CONVERSION = YES_AGGRESSIVE;
				CLANG_CXX_LANGUAGE_STANDARD = "gnu++20";
				CLANG_ENABLE_MODULES = YES;
				CLANG_ENABLE_OBJC_ARC = YES;
				CLANG_ENABLE_OBJC_WEAK = YES;
				CLANG_WARN_BLOCK_CAPTURE_AUTORELEASING = YES;
				CLANG_WARN_BOOL_CONVERSION = YES;
				CLANG_WARN_COMMA = YES;
				CLANG_WARN_CONSTANT_CONVERSION = YES;
				CLANG_WARN_DEPRECATED_OBJC_IMPLEMENTATIONS = YES;
				CLANG_WARN_DIRECT_OBJC_ISA_USAGE = YES_ERROR;
				CLANG_WARN_DOCUMENTATION_COMMENTS = YES;
				CLANG_WARN_EMPTY_BODY = YES;
				CLANG_WARN_ENUM_CONVERSION = YES;
				CLANG_WARN_INFINITE_RECURSION = YES;
				CLANG_WARN_INT_CONVERSION = YES;
				CLANG_WARN_NON_LITERAL_NULL_CONVERSION = YES;
				CLANG_WARN_OBJC_IMPLICIT_RETAIN_SELF = YES;
				CLANG_WARN_OBJC_LITERAL_CONVERSION = YES;
				CLANG_WARN_OBJC_ROOT_CLASS = YES_ERROR;
				CLANG_WARN_QUOTED_INCLUDE_IN_FRAMEWORK_HEADER = YES;
				CLANG_WARN_RANGE_LOOP_ANALYSIS = YES;
				CLANG_WARN_STRICT_PROTOTYPES = YES;
				CLANG_WARN_SUSPICIOUS_MOVE = YES;
				CLANG_WARN_UNGUARDED_AVAILABILITY = YES_AGGRESSIVE;
				CLANG_WARN_UNREACHABLE_CODE = YES;
				CLANG_WARN__DUPLICATE_METHOD_MATCH = YES;
				COPY_PHASE_STRIP = NO;
				DEBUG_INFORMATION_FORMAT = dwarf;
				ENABLE_STRICT_OBJC_MSGSEND = YES;
				ENABLE_TESTABILITY = YES;
				GCC_C_LANGUAGE_STANDARD = gnu11;
				GCC_DYNAMIC_NO_PIC = NO;
				GCC_NO_COMMON_BLOCKS = YES;
				GCC_OPTIMIZATION_LEVEL = 0;
				GCC_PREPROCESSOR_DEFINITIONS = (
					"DEBUG=1",
					"$(inherited)",
				);
				GCC_WARN_64_TO_32_BIT_CONVERSION = YES;
				GCC_WARN_ABOUT_RETURN_TYPE = YES_ERROR;
				GCC_WARN_UNDECLARED_SELECTOR = YES;
				GCC_WARN_UNINITIALIZED_AUTOS = YES_AGGRESSIVE;
				GCC_WARN_UNUSED_FUNCTION = YES;
				GCC_WARN_UNUSED_VARIABLE = YES;
				IPHONEOS_DEPLOYMENT_TARGET = 16.4;
				MTL_ENABLE_DEBUG_INFO = INCLUDE_SOURCE;
				MTL_FAST_MATH = YES;
				ONLY_ACTIVE_ARCH = YES;
				SDKROOT = iphoneos;
				SWIFT_ACTIVE_COMPILATION_CONDITIONS = DEBUG;
				SWIFT_OPTIMIZATION_LEVEL = "-Onone";
			};
			name = Debug;
		};
		D9E6E8A12AB3CE2400781C66 /* Release */ = {
			isa = XCBuildConfiguration;
			buildSettings = {
				ALWAYS_SEARCH_USER_PATHS = NO;
				CLANG_ANALYZER_NONNULL = YES;
				CLANG_ANALYZER_NUMBER_OBJECT_CONVERSION = YES_AGGRESSIVE;
				CLANG_CXX_LANGUAGE_STANDARD = "gnu++20";
				CLANG_ENABLE_MODULES = YES;
				CLANG_ENABLE_OBJC_ARC = YES;
				CLANG_ENABLE_OBJC_WEAK = YES;
				CLANG_WARN_BLOCK_CAPTURE_AUTORELEASING = YES;
				CLANG_WARN_BOOL_CONVERSION = YES;
				CLANG_WARN_COMMA = YES;
				CLANG_WARN_CONSTANT_CONVERSION = YES;
				CLANG_WARN_DEPRECATED_OBJC_IMPLEMENTATIONS = YES;
				CLANG_WARN_DIRECT_OBJC_ISA_USAGE = YES_ERROR;
				CLANG_WARN_DOCUMENTATION_COMMENTS = YES;
				CLANG_WARN_EMPTY_BODY = YES;
				CLANG_WARN_ENUM_CONVERSION = YES;
				CLANG_WARN_INFINITE_RECURSION = YES;
				CLANG_WARN_INT_CONVERSION = YES;
				CLANG_WARN_NON_LITERAL_NULL_CONVERSION = YES;
				CLANG_WARN_OBJC_IMPLICIT_RETAIN_SELF = YES;
				CLANG_WARN_OBJC_LITERAL_CONVERSION = YES;
				CLANG_WARN_OBJC_ROOT_CLASS = YES_ERROR;
				CLANG_WARN_QUOTED_INCLUDE_IN_FRAMEWORK_HEADER = YES;
				CLANG_WARN_RANGE_LOOP_ANALYSIS = YES;
				CLANG_WARN_STRICT_PROTOTYPES = YES;
				CLANG_WARN_SUSPICIOUS_MOVE = YES;
				CLANG_WARN_UNGUARDED_AVAILABILITY = YES_AGGRESSIVE;
				CLANG_WARN_UNREACHABLE_CODE = YES;
				CLANG_WARN__DUPLICATE_METHOD_MATCH = YES;
				COPY_PHASE_STRIP = NO;
				DEBUG_INFORMATION_FORMAT = "dwarf-with-dsym";
				ENABLE_NS_ASSERTIONS = NO;
				ENABLE_STRICT_OBJC_MSGSEND = YES;
				GCC_C_LANGUAGE_STANDARD = gnu11;
				GCC_NO_COMMON_BLOCKS = YES;
				GCC_WARN_64_TO_32_BIT_CONVERSION = YES;
				GCC_WARN_ABOUT_RETURN_TYPE = YES_ERROR;
				GCC_WARN_UNDECLARED_SELECTOR = YES;
				GCC_WARN_UNINITIALIZED_AUTOS = YES_AGGRESSIVE;
				GCC_WARN_UNUSED_FUNCTION = YES;
				GCC_WARN_UNUSED_VARIABLE = YES;
				IPHONEOS_DEPLOYMENT_TARGET = 16.4;
				MTL_ENABLE_DEBUG_INFO = NO;
				MTL_FAST_MATH = YES;
				SDKROOT = iphoneos;
				SWIFT_COMPILATION_MODE = wholemodule;
				SWIFT_OPTIMIZATION_LEVEL = "-O";
				VALIDATE_PRODUCT = YES;
			};
			name = Release;
		};
		D9E6E8A32AB3CE2400781C66 /* Debug */ = {
			isa = XCBuildConfiguration;
			buildSettings = {
				ASSETCATALOG_COMPILER_APPICON_NAME = AppIcon;
				ASSETCATALOG_COMPILER_GLOBAL_ACCENT_COLOR_NAME = AccentColor;
				CODE_SIGN_STYLE = Automatic;
				CURRENT_PROJECT_VERSION = 1;
				DEVELOPMENT_ASSET_PATHS = "\"TodoListMVVM/Preview Content\"";
				DEVELOPMENT_TEAM = 2T35XX5CJS;
				ENABLE_PREVIEWS = YES;
				GENERATE_INFOPLIST_FILE = YES;
				INFOPLIST_KEY_CFBundleDisplayName = "Mo's Todo List";
				INFOPLIST_KEY_UIApplicationSceneManifest_Generation = YES;
				INFOPLIST_KEY_UIApplicationSupportsIndirectInputEvents = YES;
				INFOPLIST_KEY_UILaunchStoryboardName = LaunchScreen.storyboard;
				INFOPLIST_KEY_UISupportedInterfaceOrientations_iPad = "UIInterfaceOrientationPortrait UIInterfaceOrientationPortraitUpsideDown UIInterfaceOrientationLandscapeLeft UIInterfaceOrientationLandscapeRight";
				INFOPLIST_KEY_UISupportedInterfaceOrientations_iPhone = "UIInterfaceOrientationPortrait UIInterfaceOrientationLandscapeLeft UIInterfaceOrientationLandscapeRight";
				LD_RUNPATH_SEARCH_PATHS = (
					"$(inherited)",
					"@executable_path/Frameworks",
				);
				MARKETING_VERSION = 1.0;
				PRODUCT_BUNDLE_IDENTIFIER = com.mohamedMostapha.TodoListMVVM;
				PRODUCT_NAME = "$(TARGET_NAME)";
				SWIFT_EMIT_LOC_STRINGS = YES;
				SWIFT_VERSION = 5.0;
				TARGETED_DEVICE_FAMILY = "1,2";
			};
			name = Debug;
		};
		D9E6E8A42AB3CE2400781C66 /* Release */ = {
			isa = XCBuildConfiguration;
			buildSettings = {
				ASSETCATALOG_COMPILER_APPICON_NAME = AppIcon;
				ASSETCATALOG_COMPILER_GLOBAL_ACCENT_COLOR_NAME = AccentColor;
				CODE_SIGN_STYLE = Automatic;
				CURRENT_PROJECT_VERSION = 1;
				DEVELOPMENT_ASSET_PATHS = "\"TodoListMVVM/Preview Content\"";
				DEVELOPMENT_TEAM = 2T35XX5CJS;
				ENABLE_PREVIEWS = YES;
				GENERATE_INFOPLIST_FILE = YES;
				INFOPLIST_KEY_CFBundleDisplayName = "Mo's Todo List";
				INFOPLIST_KEY_UIApplicationSceneManifest_Generation = YES;
				INFOPLIST_KEY_UIApplicationSupportsIndirectInputEvents = YES;
				INFOPLIST_KEY_UILaunchStoryboardName = LaunchScreen.storyboard;
				INFOPLIST_KEY_UISupportedInterfaceOrientations_iPad = "UIInterfaceOrientationPortrait UIInterfaceOrientationPortraitUpsideDown UIInterfaceOrientationLandscapeLeft UIInterfaceOrientationLandscapeRight";
				INFOPLIST_KEY_UISupportedInterfaceOrientations_iPhone = "UIInterfaceOrientationPortrait UIInterfaceOrientationLandscapeLeft UIInterfaceOrientationLandscapeRight";
				LD_RUNPATH_SEARCH_PATHS = (
					"$(inherited)",
					"@executable_path/Frameworks",
				);
				MARKETING_VERSION = 1.0;
				PRODUCT_BUNDLE_IDENTIFIER = com.mohamedMostapha.TodoListMVVM;
				PRODUCT_NAME = "$(TARGET_NAME)";
				SWIFT_EMIT_LOC_STRINGS = YES;
				SWIFT_VERSION = 5.0;
				TARGETED_DEVICE_FAMILY = "1,2";
			};
			name = Release;
		};
/* End XCBuildConfiguration section */

/* Begin XCConfigurationList section */
		D9E6E88F2AB3CE2300781C66 /* Build configuration list for PBXProject "TodoListMVVM" */ = {
			isa = XCConfigurationList;
			buildConfigurations = (
				D9E6E8A02AB3CE2400781C66 /* Debug */,
				D9E6E8A12AB3CE2400781C66 /* Release */,
			);
			defaultConfigurationIsVisible = 0;
			defaultConfigurationName = Release;
		};
		D9E6E8A22AB3CE2400781C66 /* Build configuration list for PBXNativeTarget "TodoListMVVM" */ = {
			isa = XCConfigurationList;
			buildConfigurations = (
				D9E6E8A32AB3CE2400781C66 /* Debug */,
				D9E6E8A42AB3CE2400781C66 /* Release */,
			);
			defaultConfigurationIsVisible = 0;
			defaultConfigurationName = Release;
		};
/* End XCConfigurationList section */
	};
	rootObject = D9E6E88C2AB3CE2300781C66 /* Project object */;
}
